// !$*UTF8*$!
{
	archiveVersion = 1;
	classes = {
	};
	objectVersion = 50;
	objects = {

/* Begin PBXBuildFile section */
		55369346266B630A008AA56E /* AddLoanViewModel.swift in Sources */ = {isa = PBXBuildFile; fileRef = 55369345266B630A008AA56E /* AddLoanViewModel.swift */; };
		5536934A266B6843008AA56E /* PaymentView.swift in Sources */ = {isa = PBXBuildFile; fileRef = 55369349266B6843008AA56E /* PaymentView.swift */; };
		5536934C266B6C12008AA56E /* AddPaymentView.swift in Sources */ = {isa = PBXBuildFile; fileRef = 5536934B266B6C12008AA56E /* AddPaymentView.swift */; };
		5536934E266B6CE9008AA56E /* AddPaymentViewModel.swift in Sources */ = {isa = PBXBuildFile; fileRef = 5536934D266B6CE9008AA56E /* AddPaymentViewModel.swift */; };
		555E372E26712FDB000FB320 /* CloudKit.framework in Frameworks */ = {isa = PBXBuildFile; fileRef = 555E372D26712FDB000FB320 /* CloudKit.framework */; };
		559887C0266AAC5A00B60AC3 /* AddLoanView.swift in Sources */ = {isa = PBXBuildFile; fileRef = 559887BF266AAC5A00B60AC3 /* AddLoanView.swift */; };
		55C88C89266BCD2B00D6FD5A /* Date+Ext.swift in Sources */ = {isa = PBXBuildFile; fileRef = 55C88C88266BCD2B00D6FD5A /* Date+Ext.swift */; };
		55C88C8B266CC63000D6FD5A /* PaymentViewModel.swift in Sources */ = {isa = PBXBuildFile; fileRef = 55C88C8A266CC63000D6FD5A /* PaymentViewModel.swift */; };
		55C88C8D266CDA6300D6FD5A /* ProgressBar.swift in Sources */ = {isa = PBXBuildFile; fileRef = 55C88C8C266CDA6300D6FD5A /* ProgressBar.swift */; };
		55C9AEB1266A9B2800B961BA /* LoanTrackerApp.swift in Sources */ = {isa = PBXBuildFile; fileRef = 55C9AEB0266A9B2800B961BA /* LoanTrackerApp.swift */; };
		55C9AEB3266A9B2800B961BA /* LoansView.swift in Sources */ = {isa = PBXBuildFile; fileRef = 55C9AEB2266A9B2800B961BA /* LoansView.swift */; };
		55C9AEB5266A9B2900B961BA /* Assets.xcassets in Resources */ = {isa = PBXBuildFile; fileRef = 55C9AEB4266A9B2900B961BA /* Assets.xcassets */; };
		55C9AEB8266A9B2900B961BA /* Preview Assets.xcassets in Resources */ = {isa = PBXBuildFile; fileRef = 55C9AEB7266A9B2900B961BA /* Preview Assets.xcassets */; };
		55C9AEBA266A9B2900B961BA /* Persistence.swift in Sources */ = {isa = PBXBuildFile; fileRef = 55C9AEB9266A9B2900B961BA /* Persistence.swift */; };
		55C9AEBD266A9B2900B961BA /* LoanTracker.xcdatamodeld in Sources */ = {isa = PBXBuildFile; fileRef = 55C9AEBB266A9B2900B961BA /* LoanTracker.xcdatamodeld */; };
		55DC0260266D14BF004F96EB /* PaymentCellView.swift in Sources */ = {isa = PBXBuildFile; fileRef = 55DC025F266D14BF004F96EB /* PaymentCellView.swift */; };
		55DC0262266D16C7004F96EB /* LoanCellView.swift in Sources */ = {isa = PBXBuildFile; fileRef = 55DC0261266D16C7004F96EB /* LoanCellView.swift */; };
		63D43A1F290EEFDB00B81DCA /* Payment+CoreDataClass.swift in Sources */ = {isa = PBXBuildFile; fileRef = 63D43A1B290EEFDB00B81DCA /* Payment+CoreDataClass.swift */; };
		63D43A20290EEFDB00B81DCA /* Payment+CoreDataProperties.swift in Sources */ = {isa = PBXBuildFile; fileRef = 63D43A1C290EEFDB00B81DCA /* Payment+CoreDataProperties.swift */; };
		63D43A21290EEFDB00B81DCA /* Loan+CoreDataClass.swift in Sources */ = {isa = PBXBuildFile; fileRef = 63D43A1D290EEFDB00B81DCA /* Loan+CoreDataClass.swift */; };
		63D43A22290EEFDB00B81DCA /* Loan+CoreDataProperties.swift in Sources */ = {isa = PBXBuildFile; fileRef = 63D43A1E290EEFDB00B81DCA /* Loan+CoreDataProperties.swift */; };
		63D8CD582998DE73005B56FA /* Destination.swift in Sources */ = {isa = PBXBuildFile; fileRef = 63D8CD572998DE73005B56FA /* Destination.swift */; };
		63D8CD5A2998DFA3005B56FA /* Progress.swift in Sources */ = {isa = PBXBuildFile; fileRef = 63D8CD592998DFA3005B56FA /* Progress.swift */; };
		63D8CD5C2998DFB4005B56FA /* PaymentObject.swift in Sources */ = {isa = PBXBuildFile; fileRef = 63D8CD5B2998DFB4005B56FA /* PaymentObject.swift */; };
/* End PBXBuildFile section */

/* Begin PBXFileReference section */
		55369345266B630A008AA56E /* AddLoanViewModel.swift */ = {isa = PBXFileReference; lastKnownFileType = sourcecode.swift; path = AddLoanViewModel.swift; sourceTree = "<group>"; };
		55369349266B6843008AA56E /* PaymentView.swift */ = {isa = PBXFileReference; lastKnownFileType = sourcecode.swift; path = PaymentView.swift; sourceTree = "<group>"; };
		5536934B266B6C12008AA56E /* AddPaymentView.swift */ = {isa = PBXFileReference; lastKnownFileType = sourcecode.swift; path = AddPaymentView.swift; sourceTree = "<group>"; };
		5536934D266B6CE9008AA56E /* AddPaymentViewModel.swift */ = {isa = PBXFileReference; lastKnownFileType = sourcecode.swift; path = AddPaymentViewModel.swift; sourceTree = "<group>"; };
		555E372B26712FD6000FB320 /* LoanTracker.entitlements */ = {isa = PBXFileReference; lastKnownFileType = text.plist.entitlements; path = LoanTracker.entitlements; sourceTree = "<group>"; };
		555E372D26712FDB000FB320 /* CloudKit.framework */ = {isa = PBXFileReference; lastKnownFileType = wrapper.framework; name = CloudKit.framework; path = System/Library/Frameworks/CloudKit.framework; sourceTree = SDKROOT; };
		559887BF266AAC5A00B60AC3 /* AddLoanView.swift */ = {isa = PBXFileReference; lastKnownFileType = sourcecode.swift; path = AddLoanView.swift; sourceTree = "<group>"; };
		55C88C88266BCD2B00D6FD5A /* Date+Ext.swift */ = {isa = PBXFileReference; lastKnownFileType = sourcecode.swift; path = "Date+Ext.swift"; sourceTree = "<group>"; };
		55C88C8A266CC63000D6FD5A /* PaymentViewModel.swift */ = {isa = PBXFileReference; lastKnownFileType = sourcecode.swift; path = PaymentViewModel.swift; sourceTree = "<group>"; };
		55C88C8C266CDA6300D6FD5A /* ProgressBar.swift */ = {isa = PBXFileReference; lastKnownFileType = sourcecode.swift; path = ProgressBar.swift; sourceTree = "<group>"; };
		55C9AEAD266A9B2800B961BA /* LoanTracker.app */ = {isa = PBXFileReference; explicitFileType = wrapper.application; includeInIndex = 0; path = LoanTracker.app; sourceTree = BUILT_PRODUCTS_DIR; };
		55C9AEB0266A9B2800B961BA /* LoanTrackerApp.swift */ = {isa = PBXFileReference; lastKnownFileType = sourcecode.swift; path = LoanTrackerApp.swift; sourceTree = "<group>"; };
		55C9AEB2266A9B2800B961BA /* LoansView.swift */ = {isa = PBXFileReference; lastKnownFileType = sourcecode.swift; path = LoansView.swift; sourceTree = "<group>"; };
		55C9AEB4266A9B2900B961BA /* Assets.xcassets */ = {isa = PBXFileReference; lastKnownFileType = folder.assetcatalog; path = Assets.xcassets; sourceTree = "<group>"; };
		55C9AEB7266A9B2900B961BA /* Preview Assets.xcassets */ = {isa = PBXFileReference; lastKnownFileType = folder.assetcatalog; path = "Preview Assets.xcassets"; sourceTree = "<group>"; };
		55C9AEB9266A9B2900B961BA /* Persistence.swift */ = {isa = PBXFileReference; lastKnownFileType = sourcecode.swift; path = Persistence.swift; sourceTree = "<group>"; };
		55C9AEBC266A9B2900B961BA /* LoanTracker.xcdatamodel */ = {isa = PBXFileReference; lastKnownFileType = wrapper.xcdatamodel; path = LoanTracker.xcdatamodel; sourceTree = "<group>"; };
		55C9AEBE266A9B2900B961BA /* Info.plist */ = {isa = PBXFileReference; lastKnownFileType = text.plist.xml; path = Info.plist; sourceTree = "<group>"; };
		55DC025F266D14BF004F96EB /* PaymentCellView.swift */ = {isa = PBXFileReference; lastKnownFileType = sourcecode.swift; path = PaymentCellView.swift; sourceTree = "<group>"; };
		55DC0261266D16C7004F96EB /* LoanCellView.swift */ = {isa = PBXFileReference; lastKnownFileType = sourcecode.swift; path = LoanCellView.swift; sourceTree = "<group>"; };
		63D43A1B290EEFDB00B81DCA /* Payment+CoreDataClass.swift */ = {isa = PBXFileReference; lastKnownFileType = sourcecode.swift; path = "Payment+CoreDataClass.swift"; sourceTree = "<group>"; };
		63D43A1C290EEFDB00B81DCA /* Payment+CoreDataProperties.swift */ = {isa = PBXFileReference; lastKnownFileType = sourcecode.swift; path = "Payment+CoreDataProperties.swift"; sourceTree = "<group>"; };
		63D43A1D290EEFDB00B81DCA /* Loan+CoreDataClass.swift */ = {isa = PBXFileReference; lastKnownFileType = sourcecode.swift; path = "Loan+CoreDataClass.swift"; sourceTree = "<group>"; };
		63D43A1E290EEFDB00B81DCA /* Loan+CoreDataProperties.swift */ = {isa = PBXFileReference; lastKnownFileType = sourcecode.swift; path = "Loan+CoreDataProperties.swift"; sourceTree = "<group>"; };
		63D8CD572998DE73005B56FA /* Destination.swift */ = {isa = PBXFileReference; lastKnownFileType = sourcecode.swift; path = Destination.swift; sourceTree = "<group>"; };
		63D8CD592998DFA3005B56FA /* Progress.swift */ = {isa = PBXFileReference; lastKnownFileType = sourcecode.swift; path = Progress.swift; sourceTree = "<group>"; };
		63D8CD5B2998DFB4005B56FA /* PaymentObject.swift */ = {isa = PBXFileReference; lastKnownFileType = sourcecode.swift; path = PaymentObject.swift; sourceTree = "<group>"; };
/* End PBXFileReference section */

/* Begin PBXFrameworksBuildPhase section */
		55C9AEAA266A9B2800B961BA /* Frameworks */ = {
			isa = PBXFrameworksBuildPhase;
			buildActionMask = 2147483647;
			files = (
				555E372E26712FDB000FB320 /* CloudKit.framework in Frameworks */,
			);
			runOnlyForDeploymentPostprocessing = 0;
		};
/* End PBXFrameworksBuildPhase section */

/* Begin PBXGroup section */
		555E372926712DB7000FB320 /* CoreDataHelper */ = {
			isa = PBXGroup;
			children = (
				55C9AEB9266A9B2900B961BA /* Persistence.swift */,
			);
			path = CoreDataHelper;
			sourceTree = "<group>";
		};
		555E372A26712DC6000FB320 /* Model */ = {
			isa = PBXGroup;
			children = (
				63D43A1B290EEFDB00B81DCA /* Payment+CoreDataClass.swift */,
				63D43A1C290EEFDB00B81DCA /* Payment+CoreDataProperties.swift */,
				63D43A1D290EEFDB00B81DCA /* Loan+CoreDataClass.swift */,
				63D43A1E290EEFDB00B81DCA /* Loan+CoreDataProperties.swift */,
				55C9AEBB266A9B2900B961BA /* LoanTracker.xcdatamodeld */,
				63D8CD592998DFA3005B56FA /* Progress.swift */,
				63D8CD5B2998DFB4005B56FA /* PaymentObject.swift */,
			);
			path = Model;
			sourceTree = "<group>";
		};
		555E372C26712FDB000FB320 /* Frameworks */ = {
			isa = PBXGroup;
			children = (
				555E372D26712FDB000FB320 /* CloudKit.framework */,
			);
			name = Frameworks;
			sourceTree = "<group>";
		};
		5565811B266EAA3600E84029 /* Extensions */ = {
			isa = PBXGroup;
			children = (
				55C88C88266BCD2B00D6FD5A /* Date+Ext.swift */,
			);
			path = Extensions;
			sourceTree = "<group>";
		};
		5565811C266EAA4100E84029 /* Components */ = {
			isa = PBXGroup;
			children = (
				55C88C8C266CDA6300D6FD5A /* ProgressBar.swift */,
				55DC025F266D14BF004F96EB /* PaymentCellView.swift */,
				55DC0261266D16C7004F96EB /* LoanCellView.swift */,
			);
			path = Components;
			sourceTree = "<group>";
		};
		55C9AEA4266A9B2800B961BA = {
			isa = PBXGroup;
			children = (
				55C9AEAF266A9B2800B961BA /* LoanTracker */,
				55C9AEAE266A9B2800B961BA /* Products */,
				555E372C26712FDB000FB320 /* Frameworks */,
			);
			sourceTree = "<group>";
		};
		55C9AEAE266A9B2800B961BA /* Products */ = {
			isa = PBXGroup;
			children = (
				55C9AEAD266A9B2800B961BA /* LoanTracker.app */,
			);
			name = Products;
			sourceTree = "<group>";
		};
		55C9AEAF266A9B2800B961BA /* LoanTracker */ = {
			isa = PBXGroup;
			children = (
				555E372B26712FD6000FB320 /* LoanTracker.entitlements */,
				55C9AEB0266A9B2800B961BA /* LoanTrackerApp.swift */,
				63D8CD5D2998E0C6005B56FA /* Navigation */,
				63D8CD5F2998E0F2005B56FA /* Domain */,
				63D8CD5E2998E0D7005B56FA /* Presentation */,
				555E372A26712DC6000FB320 /* Model */,
				55C9AEB4266A9B2900B961BA /* Assets.xcassets */,
				555E372926712DB7000FB320 /* CoreDataHelper */,
				5565811B266EAA3600E84029 /* Extensions */,
				55C9AEBE266A9B2900B961BA /* Info.plist */,
				55C9AEB6266A9B2900B961BA /* Preview Content */,
			);
			path = LoanTracker;
			sourceTree = "<group>";
		};
		55C9AEB6266A9B2900B961BA /* Preview Content */ = {
			isa = PBXGroup;
			children = (
				55C9AEB7266A9B2900B961BA /* Preview Assets.xcassets */,
			);
			path = "Preview Content";
			sourceTree = "<group>";
		};
		63D8CD5D2998E0C6005B56FA /* Navigation */ = {
			isa = PBXGroup;
			children = (
				63D8CD572998DE73005B56FA /* Destination.swift */,
			);
			path = Navigation;
			sourceTree = "<group>";
		};
		63D8CD5E2998E0D7005B56FA /* Presentation */ = {
			isa = PBXGroup;
			children = (
				5565811C266EAA4100E84029 /* Components */,
				5536934B266B6C12008AA56E /* AddPaymentView.swift */,
				559887BF266AAC5A00B60AC3 /* AddLoanView.swift */,
				55C9AEB2266A9B2800B961BA /* LoansView.swift */,
				55369349266B6843008AA56E /* PaymentView.swift */,
			);
			path = Presentation;
			sourceTree = "<group>";
		};
		63D8CD5F2998E0F2005B56FA /* Domain */ = {
			isa = PBXGroup;
			children = (
				55369345266B630A008AA56E /* AddLoanViewModel.swift */,
				5536934D266B6CE9008AA56E /* AddPaymentViewModel.swift */,
				55C88C8A266CC63000D6FD5A /* PaymentViewModel.swift */,
			);
			path = Domain;
			sourceTree = "<group>";
		};
/* End PBXGroup section */

/* Begin PBXNativeTarget section */
		55C9AEAC266A9B2800B961BA /* LoanTracker */ = {
			isa = PBXNativeTarget;
			buildConfigurationList = 55C9AEC1266A9B2900B961BA /* Build configuration list for PBXNativeTarget "LoanTracker" */;
			buildPhases = (
				55C9AEA9266A9B2800B961BA /* Sources */,
				55C9AEAA266A9B2800B961BA /* Frameworks */,
				55C9AEAB266A9B2800B961BA /* Resources */,
			);
			buildRules = (
			);
			dependencies = (
			);
			name = LoanTracker;
			productName = LoanTracker;
			productReference = 55C9AEAD266A9B2800B961BA /* LoanTracker.app */;
			productType = "com.apple.product-type.application";
		};
/* End PBXNativeTarget section */

/* Begin PBXProject section */
		55C9AEA5266A9B2800B961BA /* Project object */ = {
			isa = PBXProject;
			attributes = {
				LastSwiftUpdateCheck = 1250;
				LastUpgradeCheck = 1250;
				TargetAttributes = {
					55C9AEAC266A9B2800B961BA = {
						CreatedOnToolsVersion = 12.5;
					};
				};
			};
			buildConfigurationList = 55C9AEA8266A9B2800B961BA /* Build configuration list for PBXProject "LoanTracker" */;
			compatibilityVersion = "Xcode 9.3";
			developmentRegion = en;
			hasScannedForEncodings = 0;
			knownRegions = (
				en,
				Base,
			);
			mainGroup = 55C9AEA4266A9B2800B961BA;
			productRefGroup = 55C9AEAE266A9B2800B961BA /* Products */;
			projectDirPath = "";
			projectRoot = "";
			targets = (
				55C9AEAC266A9B2800B961BA /* LoanTracker */,
			);
		};
/* End PBXProject section */

/* Begin PBXResourcesBuildPhase section */
		55C9AEAB266A9B2800B961BA /* Resources */ = {
			isa = PBXResourcesBuildPhase;
			buildActionMask = 2147483647;
			files = (
				55C9AEB8266A9B2900B961BA /* Preview Assets.xcassets in Resources */,
				55C9AEB5266A9B2900B961BA /* Assets.xcassets in Resources */,
			);
			runOnlyForDeploymentPostprocessing = 0;
		};
/* End PBXResourcesBuildPhase section */

/* Begin PBXSourcesBuildPhase section */
		55C9AEA9266A9B2800B961BA /* Sources */ = {
			isa = PBXSourcesBuildPhase;
			buildActionMask = 2147483647;
			files = (
				55369346266B630A008AA56E /* AddLoanViewModel.swift in Sources */,
				5536934A266B6843008AA56E /* PaymentView.swift in Sources */,
				55DC0262266D16C7004F96EB /* LoanCellView.swift in Sources */,
				55C88C89266BCD2B00D6FD5A /* Date+Ext.swift in Sources */,
				55C9AEBA266A9B2900B961BA /* Persistence.swift in Sources */,
				63D8CD5A2998DFA3005B56FA /* Progress.swift in Sources */,
				55DC0260266D14BF004F96EB /* PaymentCellView.swift in Sources */,
				55C88C8B266CC63000D6FD5A /* PaymentViewModel.swift in Sources */,
				5536934E266B6CE9008AA56E /* AddPaymentViewModel.swift in Sources */,
				55C9AEB3266A9B2800B961BA /* LoansView.swift in Sources */,
				55C9AEBD266A9B2900B961BA /* LoanTracker.xcdatamodeld in Sources */,
				5536934C266B6C12008AA56E /* AddPaymentView.swift in Sources */,
				63D43A22290EEFDB00B81DCA /* Loan+CoreDataProperties.swift in Sources */,
				55C88C8D266CDA6300D6FD5A /* ProgressBar.swift in Sources */,
				63D43A1F290EEFDB00B81DCA /* Payment+CoreDataClass.swift in Sources */,
				55C9AEB1266A9B2800B961BA /* LoanTrackerApp.swift in Sources */,
				63D43A20290EEFDB00B81DCA /* Payment+CoreDataProperties.swift in Sources */,
				559887C0266AAC5A00B60AC3 /* AddLoanView.swift in Sources */,
				63D43A21290EEFDB00B81DCA /* Loan+CoreDataClass.swift in Sources */,
				63D8CD5C2998DFB4005B56FA /* PaymentObject.swift in Sources */,
				63D8CD582998DE73005B56FA /* Destination.swift in Sources */,
			);
			runOnlyForDeploymentPostprocessing = 0;
		};
/* End PBXSourcesBuildPhase section */

/* Begin XCBuildConfiguration section */
		55C9AEBF266A9B2900B961BA /* Debug */ = {
			isa = XCBuildConfiguration;
			buildSettings = {
				ALWAYS_SEARCH_USER_PATHS = NO;
				CLANG_ANALYZER_NONNULL = YES;
				CLANG_ANALYZER_NUMBER_OBJECT_CONVERSION = YES_AGGRESSIVE;
				CLANG_CXX_LANGUAGE_STANDARD = "gnu++14";
				CLANG_CXX_LIBRARY = "libc++";
				CLANG_ENABLE_MODULES = YES;
				CLANG_ENABLE_OBJC_ARC = YES;
				CLANG_ENABLE_OBJC_WEAK = YES;
				CLANG_WARN_BLOCK_CAPTURE_AUTORELEASING = YES;
				CLANG_WARN_BOOL_CONVERSION = YES;
				CLANG_WARN_COMMA = YES;
				CLANG_WARN_CONSTANT_CONVERSION = YES;
				CLANG_WARN_DEPRECATED_OBJC_IMPLEMENTATIONS = YES;
				CLANG_WARN_DIRECT_OBJC_ISA_USAGE = YES_ERROR;
				CLANG_WARN_DOCUMENTATION_COMMENTS = YES;
				CLANG_WARN_EMPTY_BODY = YES;
				CLANG_WARN_ENUM_CONVERSION = YES;
				CLANG_WARN_INFINITE_RECURSION = YES;
				CLANG_WARN_INT_CONVERSION = YES;
				CLANG_WARN_NON_LITERAL_NULL_CONVERSION = YES;
				CLANG_WARN_OBJC_IMPLICIT_RETAIN_SELF = YES;
				CLANG_WARN_OBJC_LITERAL_CONVERSION = YES;
				CLANG_WARN_OBJC_ROOT_CLASS = YES_ERROR;
				CLANG_WARN_QUOTED_INCLUDE_IN_FRAMEWORK_HEADER = YES;
				CLANG_WARN_RANGE_LOOP_ANALYSIS = YES;
				CLANG_WARN_STRICT_PROTOTYPES = YES;
				CLANG_WARN_SUSPICIOUS_MOVE = YES;
				CLANG_WARN_UNGUARDED_AVAILABILITY = YES_AGGRESSIVE;
				CLANG_WARN_UNREACHABLE_CODE = YES;
				CLANG_WARN__DUPLICATE_METHOD_MATCH = YES;
				COPY_PHASE_STRIP = NO;
				DEBUG_INFORMATION_FORMAT = dwarf;
				ENABLE_STRICT_OBJC_MSGSEND = YES;
				ENABLE_TESTABILITY = YES;
				GCC_C_LANGUAGE_STANDARD = gnu11;
				GCC_DYNAMIC_NO_PIC = NO;
				GCC_NO_COMMON_BLOCKS = YES;
				GCC_OPTIMIZATION_LEVEL = 0;
				GCC_PREPROCESSOR_DEFINITIONS = (
					"DEBUG=1",
					"$(inherited)",
				);
				GCC_WARN_64_TO_32_BIT_CONVERSION = YES;
				GCC_WARN_ABOUT_RETURN_TYPE = YES_ERROR;
				GCC_WARN_UNDECLARED_SELECTOR = YES;
				GCC_WARN_UNINITIALIZED_AUTOS = YES_AGGRESSIVE;
				GCC_WARN_UNUSED_FUNCTION = YES;
				GCC_WARN_UNUSED_VARIABLE = YES;
				IPHONEOS_DEPLOYMENT_TARGET = 14.5;
				MTL_ENABLE_DEBUG_INFO = INCLUDE_SOURCE;
				MTL_FAST_MATH = YES;
				ONLY_ACTIVE_ARCH = YES;
				SDKROOT = iphoneos;
				SWIFT_ACTIVE_COMPILATION_CONDITIONS = DEBUG;
				SWIFT_OPTIMIZATION_LEVEL = "-Onone";
			};
			name = Debug;
		};
		55C9AEC0266A9B2900B961BA /* Release */ = {
			isa = XCBuildConfiguration;
			buildSettings = {
				ALWAYS_SEARCH_USER_PATHS = NO;
				CLANG_ANALYZER_NONNULL = YES;
				CLANG_ANALYZER_NUMBER_OBJECT_CONVERSION = YES_AGGRESSIVE;
				CLANG_CXX_LANGUAGE_STANDARD = "gnu++14";
				CLANG_CXX_LIBRARY = "libc++";
				CLANG_ENABLE_MODULES = YES;
				CLANG_ENABLE_OBJC_ARC = YES;
				CLANG_ENABLE_OBJC_WEAK = YES;
				CLANG_WARN_BLOCK_CAPTURE_AUTORELEASING = YES;
				CLANG_WARN_BOOL_CONVERSION = YES;
				CLANG_WARN_COMMA = YES;
				CLANG_WARN_CONSTANT_CONVERSION = YES;
				CLANG_WARN_DEPRECATED_OBJC_IMPLEMENTATIONS = YES;
				CLANG_WARN_DIRECT_OBJC_ISA_USAGE = YES_ERROR;
				CLANG_WARN_DOCUMENTATION_COMMENTS = YES;
				CLANG_WARN_EMPTY_BODY = YES;
				CLANG_WARN_ENUM_CONVERSION = YES;
				CLANG_WARN_INFINITE_RECURSION = YES;
				CLANG_WARN_INT_CONVERSION = YES;
				CLANG_WARN_NON_LITERAL_NULL_CONVERSION = YES;
				CLANG_WARN_OBJC_IMPLICIT_RETAIN_SELF = YES;
				CLANG_WARN_OBJC_LITERAL_CONVERSION = YES;
				CLANG_WARN_OBJC_ROOT_CLASS = YES_ERROR;
				CLANG_WARN_QUOTED_INCLUDE_IN_FRAMEWORK_HEADER = YES;
				CLANG_WARN_RANGE_LOOP_ANALYSIS = YES;
				CLANG_WARN_STRICT_PROTOTYPES = YES;
				CLANG_WARN_SUSPICIOUS_MOVE = YES;
				CLANG_WARN_UNGUARDED_AVAILABILITY = YES_AGGRESSIVE;
				CLANG_WARN_UNREACHABLE_CODE = YES;
				CLANG_WARN__DUPLICATE_METHOD_MATCH = YES;
				COPY_PHASE_STRIP = NO;
				DEBUG_INFORMATION_FORMAT = "dwarf-with-dsym";
				ENABLE_NS_ASSERTIONS = NO;
				ENABLE_STRICT_OBJC_MSGSEND = YES;
				GCC_C_LANGUAGE_STANDARD = gnu11;
				GCC_NO_COMMON_BLOCKS = YES;
				GCC_WARN_64_TO_32_BIT_CONVERSION = YES;
				GCC_WARN_ABOUT_RETURN_TYPE = YES_ERROR;
				GCC_WARN_UNDECLARED_SELECTOR = YES;
				GCC_WARN_UNINITIALIZED_AUTOS = YES_AGGRESSIVE;
				GCC_WARN_UNUSED_FUNCTION = YES;
				GCC_WARN_UNUSED_VARIABLE = YES;
				IPHONEOS_DEPLOYMENT_TARGET = 14.5;
				MTL_ENABLE_DEBUG_INFO = NO;
				MTL_FAST_MATH = YES;
				SDKROOT = iphoneos;
				SWIFT_COMPILATION_MODE = wholemodule;
				SWIFT_OPTIMIZATION_LEVEL = "-O";
				VALIDATE_PRODUCT = YES;
			};
			name = Release;
		};
		55C9AEC2266A9B2900B961BA /* Debug */ = {
			isa = XCBuildConfiguration;
			buildSettings = {
				ASSETCATALOG_COMPILER_APPICON_NAME = AppIcon;
				ASSETCATALOG_COMPILER_GLOBAL_ACCENT_COLOR_NAME = AccentColor;
				CODE_SIGN_ENTITLEMENTS = LoanTracker/LoanTracker.entitlements;
				CODE_SIGN_STYLE = Automatic;
				DEVELOPMENT_ASSET_PATHS = "\"LoanTracker/Preview Content\"";
				DEVELOPMENT_TEAM = 7P6AJEE272;
				ENABLE_PREVIEWS = YES;
				INFOPLIST_FILE = LoanTracker/Info.plist;
				IPHONEOS_DEPLOYMENT_TARGET = 16.0;
				LD_RUNPATH_SEARCH_PATHS = (
					"$(inherited)",
					"@executable_path/Frameworks",
				);
				PRODUCT_BUNDLE_IDENTIFIER = com.iosdevschool.LoanTracker;
				PRODUCT_NAME = "$(TARGET_NAME)";
				SWIFT_VERSION = 5.0;
				TARGETED_DEVICE_FAMILY = "1,2";
			};
			name = Debug;
		};
		55C9AEC3266A9B2900B961BA /* Release */ = {
			isa = XCBuildConfiguration;
			buildSettings = {
				ASSETCATALOG_COMPILER_APPICON_NAME = AppIcon;
				ASSETCATALOG_COMPILER_GLOBAL_ACCENT_COLOR_NAME = AccentColor;
				CODE_SIGN_ENTITLEMENTS = LoanTracker/LoanTracker.entitlements;
				CODE_SIGN_STYLE = Automatic;
				DEVELOPMENT_ASSET_PATHS = "\"LoanTracker/Preview Content\"";
				DEVELOPMENT_TEAM = 7P6AJEE272;
				ENABLE_PREVIEWS = YES;
				INFOPLIST_FILE = LoanTracker/Info.plist;
				IPHONEOS_DEPLOYMENT_TARGET = 16.0;
				LD_RUNPATH_SEARCH_PATHS = (
					"$(inherited)",
					"@executable_path/Frameworks",
				);
				PRODUCT_BUNDLE_IDENTIFIER = com.iosdevschool.LoanTracker;
				PRODUCT_NAME = "$(TARGET_NAME)";
				SWIFT_VERSION = 5.0;
				TARGETED_DEVICE_FAMILY = "1,2";
			};
			name = Release;
		};
/* End XCBuildConfiguration section */

/* Begin XCConfigurationList section */
		55C9AEA8266A9B2800B961BA /* Build configuration list for PBXProject "LoanTracker" */ = {
			isa = XCConfigurationList;
			buildConfigurations = (
				55C9AEBF266A9B2900B961BA /* Debug */,
				55C9AEC0266A9B2900B961BA /* Release */,
			);
			defaultConfigurationIsVisible = 0;
			defaultConfigurationName = Release;
		};
		55C9AEC1266A9B2900B961BA /* Build configuration list for PBXNativeTarget "LoanTracker" */ = {
			isa = XCConfigurationList;
			buildConfigurations = (
				55C9AEC2266A9B2900B961BA /* Debug */,
				55C9AEC3266A9B2900B961BA /* Release */,
			);
			defaultConfigurationIsVisible = 0;
			defaultConfigurationName = Release;
		};
/* End XCConfigurationList section */

/* Begin XCVersionGroup section */
		55C9AEBB266A9B2900B961BA /* LoanTracker.xcdatamodeld */ = {
			isa = XCVersionGroup;
			children = (
				55C9AEBC266A9B2900B961BA /* LoanTracker.xcdatamodel */,
			);
			currentVersion = 55C9AEBC266A9B2900B961BA /* LoanTracker.xcdatamodel */;
			path = LoanTracker.xcdatamodeld;
			sourceTree = "<group>";
			versionGroupType = wrapper.xcdatamodel;
		};
/* End XCVersionGroup section */
	};
	rootObject = 55C9AEA5266A9B2800B961BA /* Project object */;
}
